
Microsoft Visual Studio Solution File, Format Version 12.00
# Visual Studio Version 17
VisualStudioVersion = 17.6.33829.357
MinimumVisualStudioVersion = 10.0.40219.1
Project("{FAE04EC0-301F-11D3-BF4B-00C04F79EFBC}") = "DashboardAPI", "DashboardAPI\DashboardAPI.csproj", "{FA6D43BA-8351-488F-9A9A-CEAE0DCD246B}"
EndProject
Global
	GlobalSection(SolutionConfigurationPlatforms) = preSolution
		Debug|Any CPU = Debug|Any CPU
		Release|Any CPU = Release|Any CPU
	EndGlobalSection
	GlobalSection(ProjectConfigurationPlatforms) = postSolution
		{FA6D43BA-8351-488F-9A9A-CEAE0DCD246B}.Debug|Any CPU.ActiveCfg = Debug|Any CPU
		{FA6D43BA-8351-488F-9A9A-CEAE0DCD246B}.Debug|Any CPU.Build.0 = Debug|Any CPU
		{FA6D43BA-8351-488F-9A9A-CEAE0DCD246B}.Release|Any CPU.ActiveCfg = Release|Any CPU
		{FA6D43BA-8351-488F-9A9A-CEAE0DCD246B}.Release|Any CPU.Build.0 = Release|Any CPU
	EndGlobalSection
	GlobalSection(SolutionProperties) = preSolution
		HideSolutionNode = FALSE
	EndGlobalSection
	GlobalSection(ExtensibilityGlobals) = postSolution
		SolutionGuid = {14353588-C076-46E5-8C62-655A20B1F40B}
	EndGlobalSection
EndGlobal
